// !$*UTF8*$!
{
	archiveVersion = 1;
	classes = {
	};
	objectVersion = 46;
	objects = {

/* Begin PBXBuildFile section */
		13B07FBC1A68108700A75B9A /* AppDelegate.m in Sources */ = {isa = PBXBuildFile; fileRef = 13B07FB01A68108700A75B9A /* AppDelegate.m */; };
		13B07FBD1A68108700A75B9A /* LaunchScreen.xib in Resources */ = {isa = PBXBuildFile; fileRef = 13B07FB11A68108700A75B9A /* LaunchScreen.xib */; };
		13B07FBF1A68108700A75B9A /* Images.xcassets in Resources */ = {isa = PBXBuildFile; fileRef = 13B07FB51A68108700A75B9A /* Images.xcassets */; };
		13B07FC11A68108700A75B9A /* main.m in Sources */ = {isa = PBXBuildFile; fileRef = 13B07FB71A68108700A75B9A /* main.m */; };
		1DCDD46BE81C42BEBACE3D0B /* Metropolis-Bold.ttf in Resources */ = {isa = PBXBuildFile; fileRef = 2BF9548F0DD344CCBF652BDF /* Metropolis-Bold.ttf */; };
		3E461D99554A48A4959DE609 /* SplashScreen.storyboard.storyboard.storyboard.storyboard.storyboard.storyboard.storyboard.storyboard.storyboard in Resources */ = {isa = PBXBuildFile; fileRef = AA286B85B6C04FC6940260E9 /* SplashScreen.storyboard.storyboard.storyboard.storyboard.storyboard.storyboard.storyboard.storyboard.storyboard */; };
		46C407D0B2B7432D86AB493F /* Metropolis-MediumItalic.ttf in Resources */ = {isa = PBXBuildFile; fileRef = 3AE3306604CF4E6981519E41 /* Metropolis-MediumItalic.ttf */; };
		4CA63A32804C41C68B2556B9 /* Metropolis-ExtraLight.ttf in Resources */ = {isa = PBXBuildFile; fileRef = 8B729AFFFDFB4E14A51B0E25 /* Metropolis-ExtraLight.ttf */; };
		4DBA6275CFD64345BF597687 /* Metropolis-BoldItalic.ttf in Resources */ = {isa = PBXBuildFile; fileRef = 5D05BFEE4FA84AAFA996B535 /* Metropolis-BoldItalic.ttf */; };
		4E0CAFFFCBA636A813E7A29F /* Pods_tyrvyRider.framework in Frameworks */ = {isa = PBXBuildFile; fileRef = 27CBFDC5A380022F05501408 /* Pods_tyrvyRider.framework */; };
		50DE4F78291D15B900A5BD8E /* Metropoli s-Regular.ttf in Resources */ = {isa = PBXBuildFile; fileRef = 50DE4F77291D15B900A5BD8E /* Metropoli s-Regular.ttf */; };
		50F65B96291A72B600F3A27B /* GoogleService-Info.plist in Resources */ = {isa = PBXBuildFile; fileRef = 50F65B95291A72B600F3A27B /* GoogleService-Info.plist */; };
		529015C08BE84D65B7FE4B9A /* Metropolis-ExtraLightItalic.ttf in Resources */ = {isa = PBXBuildFile; fileRef = 51DEDBDE6DEC46DB8F024A96 /* Metropolis-ExtraLightItalic.ttf */; };
		59ACBB20E0C4AFF0623C3AA1 /* ExpoModulesProvider.swift in Sources */ = {isa = PBXBuildFile; fileRef = EA625704B8219CC1B02CE919 /* ExpoModulesProvider.swift */; };
		5D1E2CC067B74EC5B8FD8893 /* Rider_driver_arriving.mp3 in Resources */ = {isa = PBXBuildFile; fileRef = 670142D7CE0149DB9D8529AC /* Rider_driver_arriving.mp3 */; };
		6C43B98526F04704BFCF81EC /* Metropolis-Medium.ttf in Resources */ = {isa = PBXBuildFile; fileRef = A55161FA49A848508A124E44 /* Metropolis-Medium.ttf */; };
		6C67513989034281A8C34FB7 /* Metropolis-RegularItalic.ttf in Resources */ = {isa = PBXBuildFile; fileRef = C1974C9469A048C8B480088C /* Metropolis-RegularItalic.ttf */; };
		700D7CE7294143F99CB92D84 /* Metropolis-Regular.ttf in Resources */ = {isa = PBXBuildFile; fileRef = 9D7B98B1552C4071AACF31D8 /* Metropolis-Regular.ttf */; };
		72419EDE5D344C8489FB589C /* Metropolis-BlackItalic.ttf in Resources */ = {isa = PBXBuildFile; fileRef = 012090431BC74150BD13815D /* Metropolis-BlackItalic.ttf */; };
		7CAD44A1C2AD452D86DB1BED /* UBERMOVETEXT-REGULAR.OTF in Resources */ = {isa = PBXBuildFile; fileRef = C22DD9B52ED4446985FF40A9 /* UBERMOVETEXT-REGULAR.OTF */; };
		968085FA0E8042CCA60CDEF6 /* Metropolis-LightItalic.ttf in Resources */ = {isa = PBXBuildFile; fileRef = 163D926068F64400A0D9211F /* Metropolis-LightItalic.ttf */; };
		A13F4247AEEA496788B52EE2 /* noop-file.swift in Sources */ = {isa = PBXBuildFile; fileRef = D02380AF9E5449B8A02F6608 /* noop-file.swift */; };
		A6D20F7F55C247258A0147D1 /* Metropolis-SemiBold.ttf in Resources */ = {isa = PBXBuildFile; fileRef = 48DE23CCE0F140AFBBDBA8D1 /* Metropolis-SemiBold.ttf */; };
		B083ADBAB37942AA9E29D752 /* Metropolis-ExtraBold.ttf in Resources */ = {isa = PBXBuildFile; fileRef = 4CB9BDFE43F0460CA1E40B22 /* Metropolis-ExtraBold.ttf */; };
		B23DB190F0DD4ABCB42EA968 /* Metropolis-ExtraBoldItalic.ttf in Resources */ = {isa = PBXBuildFile; fileRef = 46BC3ADEBD384D8F831112CF /* Metropolis-ExtraBoldItalic.ttf */; };
		BB2F792D24A3F905000567C9 /* Expo.plist in Resources */ = {isa = PBXBuildFile; fileRef = BB2F792C24A3F905000567C9 /* Expo.plist */; };
		C3F0280C06134C75A9AD96A6 /* Metropolis-ThinItalic.ttf in Resources */ = {isa = PBXBuildFile; fileRef = 71474DEF6C9D43B494C1FF8E /* Metropolis-ThinItalic.ttf */; };
		CB331708535E45ED8830A429 /* Metropolis-Thin.ttf in Resources */ = {isa = PBXBuildFile; fileRef = 1F7E3A62225A4AE9A13532A6 /* Metropolis-Thin.ttf */; };
		D4167661F76944FCB1792089 /* Metropolis-SemiBoldItalic.ttf in Resources */ = {isa = PBXBuildFile; fileRef = F65F6C9350F94B40B6A7E52A /* Metropolis-SemiBoldItalic.ttf */; };
		D5E62C8729F44655B60EDC1B /* UBERMOVETEXT-LIGHT.OTF in Resources */ = {isa = PBXBuildFile; fileRef = BE2706B7643F41498634BFE4 /* UBERMOVETEXT-LIGHT.OTF */; };
		D8A1798DB0934F23A65DF8BC /* UBERMOVE-BOLD.OTF in Resources */ = {isa = PBXBuildFile; fileRef = C1C78CE05D4B492093DFC5CA /* UBERMOVE-BOLD.OTF */; };
		E193C945128C411F892E0B62 /* Metropolis-Black.ttf in Resources */ = {isa = PBXBuildFile; fileRef = 57484E99D86442A8B577E95D /* Metropolis-Black.ttf */; };
		EABA42EB0D084621B7DCC791 /* ubermovetext-medium.ttf in Resources */ = {isa = PBXBuildFile; fileRef = 23A358BDB24044F2A5352C8F /* ubermovetext-medium.ttf */; };
		EF42F808D91A4741B021C82E /* UBERMOVETEXT-BOLD.OTF in Resources */ = {isa = PBXBuildFile; fileRef = EC31BA1B573645F9954E92CD /* UBERMOVETEXT-BOLD.OTF */; };
		FCA7D0CCE6B141FA810C6268 /* Metropolis-Light.ttf in Resources */ = {isa = PBXBuildFile; fileRef = 45883A15813741C3A9BD0389 /* Metropolis-Light.ttf */; };
/* End PBXBuildFile section */

/* Begin PBXFileReference section */
		008F07F21AC5B25A0029DE68 /* main.jsbundle */ = {isa = PBXFileReference; fileEncoding = 4; lastKnownFileType = text; path = main.jsbundle; sourceTree = "<group>"; };
		012090431BC74150BD13815D /* Metropolis-BlackItalic.ttf */ = {isa = PBXFileReference; explicitFileType = undefined; fileEncoding = 9; includeInIndex = 0; lastKnownFileType = unknown; name = "Metropolis-BlackItalic.ttf"; path = "../assets/fonts/Metropolis-BlackItalic.ttf"; sourceTree = "<group>"; };
		13B07F961A680F5B00A75B9A /* rider.app */ = {isa = PBXFileReference; explicitFileType = wrapper.application; includeInIndex = 0; path = rider.app; sourceTree = BUILT_PRODUCTS_DIR; };
		13B07FAF1A68108700A75B9A /* AppDelegate.h */ = {isa = PBXFileReference; fileEncoding = 4; lastKnownFileType = sourcecode.c.h; name = AppDelegate.h; path = tyrvyRider/AppDelegate.h; sourceTree = "<group>"; };
		13B07FB01A68108700A75B9A /* AppDelegate.m */ = {isa = PBXFileReference; fileEncoding = 4; lastKnownFileType = sourcecode.c.objc; name = AppDelegate.m; path = tyrvyRider/AppDelegate.m; sourceTree = "<group>"; };
		13B07FB21A68108700A75B9A /* Base */ = {isa = PBXFileReference; lastKnownFileType = file.xib; name = Base; path = Base.lproj/LaunchScreen.xib; sourceTree = "<group>"; };
		13B07FB51A68108700A75B9A /* Images.xcassets */ = {isa = PBXFileReference; lastKnownFileType = folder.assetcatalog; name = Images.xcassets; path = tyrvyRider/Images.xcassets; sourceTree = "<group>"; };
		13B07FB61A68108700A75B9A /* Info.plist */ = {isa = PBXFileReference; fileEncoding = 4; lastKnownFileType = text.plist.xml; name = Info.plist; path = tyrvyRider/Info.plist; sourceTree = "<group>"; };
		13B07FB71A68108700A75B9A /* main.m */ = {isa = PBXFileReference; fileEncoding = 4; lastKnownFileType = sourcecode.c.objc; name = main.m; path = tyrvyRider/main.m; sourceTree = "<group>"; };
		163D926068F64400A0D9211F /* Metropolis-LightItalic.ttf */ = {isa = PBXFileReference; explicitFileType = undefined; fileEncoding = 9; includeInIndex = 0; lastKnownFileType = unknown; name = "Metropolis-LightItalic.ttf"; path = "../assets/fonts/Metropolis-LightItalic.ttf"; sourceTree = "<group>"; };
		1F7E3A62225A4AE9A13532A6 /* Metropolis-Thin.ttf */ = {isa = PBXFileReference; explicitFileType = undefined; fileEncoding = 9; includeInIndex = 0; lastKnownFileType = unknown; name = "Metropolis-Thin.ttf"; path = "../assets/fonts/Metropolis-Thin.ttf"; sourceTree = "<group>"; };
		23A358BDB24044F2A5352C8F /* ubermovetext-medium.ttf */ = {isa = PBXFileReference; explicitFileType = undefined; fileEncoding = 9; includeInIndex = 0; lastKnownFileType = unknown; name = "ubermovetext-medium.ttf"; path = "../assets/fonts/ubermovetext-medium.ttf"; sourceTree = "<group>"; };
		27CBFDC5A380022F05501408 /* Pods_tyrvyRider.framework */ = {isa = PBXFileReference; explicitFileType = wrapper.framework; includeInIndex = 0; path = Pods_tyrvyRider.framework; sourceTree = BUILT_PRODUCTS_DIR; };
		2BF9548F0DD344CCBF652BDF /* Metropolis-Bold.ttf */ = {isa = PBXFileReference; explicitFileType = undefined; fileEncoding = 9; includeInIndex = 0; lastKnownFileType = unknown; name = "Metropolis-Bold.ttf"; path = "../assets/fonts/Metropolis-Bold.ttf"; sourceTree = "<group>"; };
		3AE3306604CF4E6981519E41 /* Metropolis-MediumItalic.ttf */ = {isa = PBXFileReference; explicitFileType = undefined; fileEncoding = 9; includeInIndex = 0; lastKnownFileType = unknown; name = "Metropolis-MediumItalic.ttf"; path = "../assets/fonts/Metropolis-MediumItalic.ttf"; sourceTree = "<group>"; };
		44D9D88A91D83457BD81DC84 /* Pods-tyrvyRider.debug.xcconfig */ = {isa = PBXFileReference; includeInIndex = 1; lastKnownFileType = text.xcconfig; name = "Pods-tyrvyRider.debug.xcconfig"; path = "Target Support Files/Pods-tyrvyRider/Pods-tyrvyRider.debug.xcconfig"; sourceTree = "<group>"; };
		45883A15813741C3A9BD0389 /* Metropolis-Light.ttf */ = {isa = PBXFileReference; explicitFileType = undefined; fileEncoding = 9; includeInIndex = 0; lastKnownFileType = unknown; name = "Metropolis-Light.ttf"; path = "../assets/fonts/Metropolis-Light.ttf"; sourceTree = "<group>"; };
		46BC3ADEBD384D8F831112CF /* Metropolis-ExtraBoldItalic.ttf */ = {isa = PBXFileReference; explicitFileType = undefined; fileEncoding = 9; includeInIndex = 0; lastKnownFileType = unknown; name = "Metropolis-ExtraBoldItalic.ttf"; path = "../assets/fonts/Metropolis-ExtraBoldItalic.ttf"; sourceTree = "<group>"; };
		48DE23CCE0F140AFBBDBA8D1 /* Metropolis-SemiBold.ttf */ = {isa = PBXFileReference; explicitFileType = undefined; fileEncoding = 9; includeInIndex = 0; lastKnownFileType = unknown; name = "Metropolis-SemiBold.ttf"; path = "../assets/fonts/Metropolis-SemiBold.ttf"; sourceTree = "<group>"; };
		4C67CBB20DA8B8E17E2138B9 /* Pods-tyrvyRider.release.xcconfig */ = {isa = PBXFileReference; includeInIndex = 1; lastKnownFileType = text.xcconfig; name = "Pods-tyrvyRider.release.xcconfig"; path = "Target Support Files/Pods-tyrvyRider/Pods-tyrvyRider.release.xcconfig"; sourceTree = "<group>"; };
		4CB9BDFE43F0460CA1E40B22 /* Metropolis-ExtraBold.ttf */ = {isa = PBXFileReference; explicitFileType = undefined; fileEncoding = 9; includeInIndex = 0; lastKnownFileType = unknown; name = "Metropolis-ExtraBold.ttf"; path = "../assets/fonts/Metropolis-ExtraBold.ttf"; sourceTree = "<group>"; };
		50DE4F77291D15B900A5BD8E /* Metropoli s-Regular.ttf */ = {isa = PBXFileReference; lastKnownFileType = file; name = "Metropoli s-Regular.ttf"; path = "../assets/fonts/Metropoli s-Regular.ttf"; sourceTree = "<group>"; };
		50F65B95291A72B600F3A27B /* GoogleService-Info.plist */ = {isa = PBXFileReference; fileEncoding = 4; lastKnownFileType = text.plist.xml; path = "GoogleService-Info.plist"; sourceTree = "<group>"; };
		51DEDBDE6DEC46DB8F024A96 /* Metropolis-ExtraLightItalic.ttf */ = {isa = PBXFileReference; explicitFileType = undefined; fileEncoding = 9; includeInIndex = 0; lastKnownFileType = unknown; name = "Metropolis-ExtraLightItalic.ttf"; path = "../assets/fonts/Metropolis-ExtraLightItalic.ttf"; sourceTree = "<group>"; };
		57484E99D86442A8B577E95D /* Metropolis-Black.ttf */ = {isa = PBXFileReference; explicitFileType = undefined; fileEncoding = 9; includeInIndex = 0; lastKnownFileType = unknown; name = "Metropolis-Black.ttf"; path = "../assets/fonts/Metropolis-Black.ttf"; sourceTree = "<group>"; };
		5D05BFEE4FA84AAFA996B535 /* Metropolis-BoldItalic.ttf */ = {isa = PBXFileReference; explicitFileType = undefined; fileEncoding = 9; includeInIndex = 0; lastKnownFileType = unknown; name = "Metropolis-BoldItalic.ttf"; path = "../assets/fonts/Metropolis-BoldItalic.ttf"; sourceTree = "<group>"; };
		670142D7CE0149DB9D8529AC /* Rider_driver_arriving.mp3 */ = {isa = PBXFileReference; explicitFileType = undefined; fileEncoding = 9; includeInIndex = 0; lastKnownFileType = unknown; name = Rider_driver_arriving.mp3; path = tyrvyRider/Rider_driver_arriving.mp3; sourceTree = "<group>"; };
		71474DEF6C9D43B494C1FF8E /* Metropolis-ThinItalic.ttf */ = {isa = PBXFileReference; explicitFileType = undefined; fileEncoding = 9; includeInIndex = 0; lastKnownFileType = unknown; name = "Metropolis-ThinItalic.ttf"; path = "../assets/fonts/Metropolis-ThinItalic.ttf"; sourceTree = "<group>"; };
		8B729AFFFDFB4E14A51B0E25 /* Metropolis-ExtraLight.ttf */ = {isa = PBXFileReference; explicitFileType = undefined; fileEncoding = 9; includeInIndex = 0; lastKnownFileType = unknown; name = "Metropolis-ExtraLight.ttf"; path = "../assets/fonts/Metropolis-ExtraLight.ttf"; sourceTree = "<group>"; };
		9D7B98B1552C4071AACF31D8 /* Metropolis-Regular.ttf */ = {isa = PBXFileReference; explicitFileType = undefined; fileEncoding = 9; includeInIndex = 0; lastKnownFileType = unknown; name = "Metropolis-Regular.ttf"; path = "../assets/fonts/Metropolis-Regular.ttf"; sourceTree = "<group>"; };
		A55161FA49A848508A124E44 /* Metropolis-Medium.ttf */ = {isa = PBXFileReference; explicitFileType = undefined; fileEncoding = 9; includeInIndex = 0; lastKnownFileType = unknown; name = "Metropolis-Medium.ttf"; path = "../assets/fonts/Metropolis-Medium.ttf"; sourceTree = "<group>"; };
		AA286B85B6C04FC6940260E9 /* SplashScreen.storyboard.storyboard.storyboard.storyboard.storyboard.storyboard.storyboard.storyboard.storyboard */ = {isa = PBXFileReference; fileEncoding = 4; lastKnownFileType = file.storyboard; name = SplashScreen.storyboard.storyboard.storyboard.storyboard.storyboard.storyboard.storyboard.storyboard.storyboard; path = tyrvyRider/SplashScreen.storyboard.storyboard.storyboard.storyboard.storyboard.storyboard.storyboard.storyboard.storyboard; sourceTree = "<group>"; };
		BB2F792C24A3F905000567C9 /* Expo.plist */ = {isa = PBXFileReference; fileEncoding = 4; lastKnownFileType = text.plist.xml; path = Expo.plist; sourceTree = "<group>"; };
		BE2706B7643F41498634BFE4 /* UBERMOVETEXT-LIGHT.OTF */ = {isa = PBXFileReference; explicitFileType = undefined; fileEncoding = 9; includeInIndex = 0; lastKnownFileType = unknown; name = "UBERMOVETEXT-LIGHT.OTF"; path = "../assets/fonts/UBERMOVETEXT-LIGHT.OTF"; sourceTree = "<group>"; };
		C1974C9469A048C8B480088C /* Metropolis-RegularItalic.ttf */ = {isa = PBXFileReference; explicitFileType = undefined; fileEncoding = 9; includeInIndex = 0; lastKnownFileType = unknown; name = "Metropolis-RegularItalic.ttf"; path = "../assets/fonts/Metropolis-RegularItalic.ttf"; sourceTree = "<group>"; };
		C1C78CE05D4B492093DFC5CA /* UBERMOVE-BOLD.OTF */ = {isa = PBXFileReference; explicitFileType = undefined; fileEncoding = 9; includeInIndex = 0; lastKnownFileType = unknown; name = "UBERMOVE-BOLD.OTF"; path = "../assets/fonts/UBERMOVE-BOLD.OTF"; sourceTree = "<group>"; };
		C22DD9B52ED4446985FF40A9 /* UBERMOVETEXT-REGULAR.OTF */ = {isa = PBXFileReference; explicitFileType = undefined; fileEncoding = 9; includeInIndex = 0; lastKnownFileType = unknown; name = "UBERMOVETEXT-REGULAR.OTF"; path = "../assets/fonts/UBERMOVETEXT-REGULAR.OTF"; sourceTree = "<group>"; };
		D02380AF9E5449B8A02F6608 /* noop-file.swift */ = {isa = PBXFileReference; explicitFileType = undefined; fileEncoding = 4; includeInIndex = 0; lastKnownFileType = sourcecode.swift; name = "noop-file.swift"; path = "tyrvyRider/noop-file.swift"; sourceTree = "<group>"; };
		DE5E63C759ED4F728FCC64EE /* tyrvyRider-Bridging-Header.h */ = {isa = PBXFileReference; explicitFileType = undefined; fileEncoding = 4; includeInIndex = 0; lastKnownFileType = sourcecode.c.h; name = "tyrvyRider-Bridging-Header.h"; path = "tyrvyRider/tyrvyRider-Bridging-Header.h"; sourceTree = "<group>"; };
		EA625704B8219CC1B02CE919 /* ExpoModulesProvider.swift */ = {isa = PBXFileReference; includeInIndex = 1; lastKnownFileType = sourcecode.swift; name = ExpoModulesProvider.swift; path = "Pods/Target Support Files/Pods-tyrvyRider/ExpoModulesProvider.swift"; sourceTree = "<group>"; };
		EC31BA1B573645F9954E92CD /* UBERMOVETEXT-BOLD.OTF */ = {isa = PBXFileReference; explicitFileType = undefined; fileEncoding = 9; includeInIndex = 0; lastKnownFileType = unknown; name = "UBERMOVETEXT-BOLD.OTF"; path = "../assets/fonts/UBERMOVETEXT-BOLD.OTF"; sourceTree = "<group>"; };
		ED297162215061F000B7C4FE /* JavaScriptCore.framework */ = {isa = PBXFileReference; lastKnownFileType = wrapper.framework; name = JavaScriptCore.framework; path = System/Library/Frameworks/JavaScriptCore.framework; sourceTree = SDKROOT; };
		ED2971642150620600B7C4FE /* JavaScriptCore.framework */ = {isa = PBXFileReference; lastKnownFileType = wrapper.framework; name = JavaScriptCore.framework; path = Platforms/AppleTVOS.platform/Developer/SDKs/AppleTVOS12.0.sdk/System/Library/Frameworks/JavaScriptCore.framework; sourceTree = DEVELOPER_DIR; };
		F65F6C9350F94B40B6A7E52A /* Metropolis-SemiBoldItalic.ttf */ = {isa = PBXFileReference; explicitFileType = undefined; fileEncoding = 9; includeInIndex = 0; lastKnownFileType = unknown; name = "Metropolis-SemiBoldItalic.ttf"; path = "../assets/fonts/Metropolis-SemiBoldItalic.ttf"; sourceTree = "<group>"; };
/* End PBXFileReference section */

/* Begin PBXFrameworksBuildPhase section */
		13B07F8C1A680F5B00A75B9A /* Frameworks */ = {
			isa = PBXFrameworksBuildPhase;
			buildActionMask = 2147483647;
			files = (
				4E0CAFFFCBA636A813E7A29F /* Pods_tyrvyRider.framework in Frameworks */,
			);
			runOnlyForDeploymentPostprocessing = 0;
		};
/* End PBXFrameworksBuildPhase section */

/* Begin PBXGroup section */
		13B07FAE1A68108700A75B9A /* tyrvyRider */ = {
			isa = PBXGroup;
			children = (
				50F65B95291A72B600F3A27B /* GoogleService-Info.plist */,
				BB2F792B24A3F905000567C9 /* Supporting */,
				008F07F21AC5B25A0029DE68 /* main.jsbundle */,
				13B07FAF1A68108700A75B9A /* AppDelegate.h */,
				13B07FB01A68108700A75B9A /* AppDelegate.m */,
				13B07FB51A68108700A75B9A /* Images.xcassets */,
				13B07FB61A68108700A75B9A /* Info.plist */,
				13B07FB11A68108700A75B9A /* LaunchScreen.xib */,
				13B07FB71A68108700A75B9A /* main.m */,
				AA286B85B6C04FC6940260E9 /* SplashScreen.storyboard.storyboard.storyboard.storyboard.storyboard.storyboard.storyboard.storyboard.storyboard */,
				D02380AF9E5449B8A02F6608 /* noop-file.swift */,
				DE5E63C759ED4F728FCC64EE /* tyrvyRider-Bridging-Header.h */,
				670142D7CE0149DB9D8529AC /* Rider_driver_arriving.mp3 */,
			);
			name = tyrvyRider;
			sourceTree = "<group>";
		};
		2D16E6871FA4F8E400B85C8A /* Frameworks */ = {
			isa = PBXGroup;
			children = (
				83CBBA001A601CBA00E9B192 /* Products */,
				ED297162215061F000B7C4FE /* JavaScriptCore.framework */,
				ED2971642150620600B7C4FE /* JavaScriptCore.framework */,
				27CBFDC5A380022F05501408 /* Pods_tyrvyRider.framework */,
			);
			name = Frameworks;
			sourceTree = "<group>";
		};
		36988AEE2B8E4CABA056E187 /* Resources */ = {
			isa = PBXGroup;
			children = (
				57484E99D86442A8B577E95D /* Metropolis-Black.ttf */,
				012090431BC74150BD13815D /* Metropolis-BlackItalic.ttf */,
				2BF9548F0DD344CCBF652BDF /* Metropolis-Bold.ttf */,
				5D05BFEE4FA84AAFA996B535 /* Metropolis-BoldItalic.ttf */,
				4CB9BDFE43F0460CA1E40B22 /* Metropolis-ExtraBold.ttf */,
				46BC3ADEBD384D8F831112CF /* Metropolis-ExtraBoldItalic.ttf */,
				8B729AFFFDFB4E14A51B0E25 /* Metropolis-ExtraLight.ttf */,
				51DEDBDE6DEC46DB8F024A96 /* Metropolis-ExtraLightItalic.ttf */,
				45883A15813741C3A9BD0389 /* Metropolis-Light.ttf */,
				163D926068F64400A0D9211F /* Metropolis-LightItalic.ttf */,
				A55161FA49A848508A124E44 /* Metropolis-Medium.ttf */,
				3AE3306604CF4E6981519E41 /* Metropolis-MediumItalic.ttf */,
				9D7B98B1552C4071AACF31D8 /* Metropolis-Regular.ttf */,
				C1974C9469A048C8B480088C /* Metropolis-RegularItalic.ttf */,
				48DE23CCE0F140AFBBDBA8D1 /* Metropolis-SemiBold.ttf */,
				F65F6C9350F94B40B6A7E52A /* Metropolis-SemiBoldItalic.ttf */,
				1F7E3A62225A4AE9A13532A6 /* Metropolis-Thin.ttf */,
				71474DEF6C9D43B494C1FF8E /* Metropolis-ThinItalic.ttf */,
				C1C78CE05D4B492093DFC5CA /* UBERMOVE-BOLD.OTF */,
				EC31BA1B573645F9954E92CD /* UBERMOVETEXT-BOLD.OTF */,
				BE2706B7643F41498634BFE4 /* UBERMOVETEXT-LIGHT.OTF */,
				23A358BDB24044F2A5352C8F /* ubermovetext-medium.ttf */,
				C22DD9B52ED4446985FF40A9 /* UBERMOVETEXT-REGULAR.OTF */,
			);
			name = Resources;
			sourceTree = "<group>";
		};
		5052A37B6B3F170D2A50484B /* ExpoModulesProviders */ = {
			isa = PBXGroup;
			children = (
				7C81E05B88069162F4E58B71 /* tyrvyRider */,
			);
			name = ExpoModulesProviders;
			sourceTree = "<group>";
		};
		7C81E05B88069162F4E58B71 /* tyrvyRider */ = {
			isa = PBXGroup;
			children = (
				EA625704B8219CC1B02CE919 /* ExpoModulesProvider.swift */,
			);
			name = tyrvyRider;
			sourceTree = "<group>";
		};
		832341AE1AAA6A7D00B99B32 /* Libraries */ = {
			isa = PBXGroup;
			children = (
			);
			name = Libraries;
			sourceTree = "<group>";
		};
		83CBB9F61A601CBA00E9B192 = {
			isa = PBXGroup;
			children = (
				50DE4F77291D15B900A5BD8E /* Metropoli s-Regular.ttf */,
				13B07FAE1A68108700A75B9A /* tyrvyRider */,
				832341AE1AAA6A7D00B99B32 /* Libraries */,
				2D16E6871FA4F8E400B85C8A /* Frameworks */,
				D65327D7A22EEC0BE12398D9 /* Pods */,
				36988AEE2B8E4CABA056E187 /* Resources */,
				5052A37B6B3F170D2A50484B /* ExpoModulesProviders */,
			);
			indentWidth = 2;
			sourceTree = "<group>";
			tabWidth = 2;
			usesTabs = 0;
		};
		83CBBA001A601CBA00E9B192 /* Products */ = {
			isa = PBXGroup;
			children = (
				13B07F961A680F5B00A75B9A /* rider.app */,
			);
			name = Products;
			sourceTree = "<group>";
		};
		BB2F792B24A3F905000567C9 /* Supporting */ = {
			isa = PBXGroup;
			children = (
				BB2F792C24A3F905000567C9 /* Expo.plist */,
			);
			name = Supporting;
			path = tyrvyRider/Supporting;
			sourceTree = "<group>";
		};
		D65327D7A22EEC0BE12398D9 /* Pods */ = {
			isa = PBXGroup;
			children = (
				44D9D88A91D83457BD81DC84 /* Pods-tyrvyRider.debug.xcconfig */,
				4C67CBB20DA8B8E17E2138B9 /* Pods-tyrvyRider.release.xcconfig */,
			);
			path = Pods;
			sourceTree = "<group>";
		};
/* End PBXGroup section */

/* Begin PBXNativeTarget section */
		13B07F861A680F5B00A75B9A /* tyrvyRider */ = {
			isa = PBXNativeTarget;
			buildConfigurationList = 13B07F931A680F5B00A75B9A /* Build configuration list for PBXNativeTarget "tyrvyRider" */;
			buildPhases = (
				F2FB925DCA868C62560D1083 /* [CP] Check Pods Manifest.lock */,
				FD10A7F022414F080027D42C /* Start Packager */,
				13B07F871A680F5B00A75B9A /* Sources */,
				13B07F8C1A680F5B00A75B9A /* Frameworks */,
				13B07F8E1A680F5B00A75B9A /* Resources */,
				00DD1BFF1BD5951E006B06BC /* Bundle React Native code and images */,
				0633C0628E7D2BC842137869 /* [CP] Embed Pods Frameworks */,
				0BCB642D6D020B787153B200 /* [CP] Copy Pods Resources */,
				AC2C4D3EC3AD7CE972D12B30 /* [CP-User] [RNFB] Core Configuration */,
			);
			buildRules = (
			);
			dependencies = (
			);
			name = tyrvyRider;
			productName = tyrvyRider;
			productReference = 13B07F961A680F5B00A75B9A /* rider.app */;
			productType = "com.apple.product-type.application";
		};
/* End PBXNativeTarget section */

/* Begin PBXProject section */
		83CBB9F71A601CBA00E9B192 /* Project object */ = {
			isa = PBXProject;
			attributes = {
				LastUpgradeCheck = 1130;
				TargetAttributes = {
					13B07F861A680F5B00A75B9A = {
						DevelopmentTeam = 7GZX6TLP38;
						LastSwiftMigration = 1120;
						ProvisioningStyle = Automatic;
					};
				};
			};
			buildConfigurationList = 83CBB9FA1A601CBA00E9B192 /* Build configuration list for PBXProject "tyrvyRider" */;
			compatibilityVersion = "Xcode 3.2";
			developmentRegion = en;
			hasScannedForEncodings = 0;
			knownRegions = (
				en,
				Base,
			);
			mainGroup = 83CBB9F61A601CBA00E9B192;
			productRefGroup = 83CBBA001A601CBA00E9B192 /* Products */;
			projectDirPath = "";
			projectRoot = "";
			targets = (
				13B07F861A680F5B00A75B9A /* tyrvyRider */,
			);
		};
/* End PBXProject section */

/* Begin PBXResourcesBuildPhase section */
		13B07F8E1A680F5B00A75B9A /* Resources */ = {
			isa = PBXResourcesBuildPhase;
			buildActionMask = 2147483647;
			files = (
				50DE4F78291D15B900A5BD8E /* Metropoli s-Regular.ttf in Resources */,
				BB2F792D24A3F905000567C9 /* Expo.plist in Resources */,
				13B07FBF1A68108700A75B9A /* Images.xcassets in Resources */,
				13B07FBD1A68108700A75B9A /* LaunchScreen.xib in Resources */,
				3E461D99554A48A4959DE609 /* SplashScreen.storyboard.storyboard.storyboard.storyboard.storyboard.storyboard.storyboard.storyboard.storyboard in Resources */,
				50F65B96291A72B600F3A27B /* GoogleService-Info.plist in Resources */,
				E193C945128C411F892E0B62 /* Metropolis-Black.ttf in Resources */,
				72419EDE5D344C8489FB589C /* Metropolis-BlackItalic.ttf in Resources */,
				1DCDD46BE81C42BEBACE3D0B /* Metropolis-Bold.ttf in Resources */,
				4DBA6275CFD64345BF597687 /* Metropolis-BoldItalic.ttf in Resources */,
				B083ADBAB37942AA9E29D752 /* Metropolis-ExtraBold.ttf in Resources */,
				B23DB190F0DD4ABCB42EA968 /* Metropolis-ExtraBoldItalic.ttf in Resources */,
				4CA63A32804C41C68B2556B9 /* Metropolis-ExtraLight.ttf in Resources */,
				529015C08BE84D65B7FE4B9A /* Metropolis-ExtraLightItalic.ttf in Resources */,
				FCA7D0CCE6B141FA810C6268 /* Metropolis-Light.ttf in Resources */,
				968085FA0E8042CCA60CDEF6 /* Metropolis-LightItalic.ttf in Resources */,
				6C43B98526F04704BFCF81EC /* Metropolis-Medium.ttf in Resources */,
				46C407D0B2B7432D86AB493F /* Metropolis-MediumItalic.ttf in Resources */,
				700D7CE7294143F99CB92D84 /* Metropolis-Regular.ttf in Resources */,
				6C67513989034281A8C34FB7 /* Metropolis-RegularItalic.ttf in Resources */,
				A6D20F7F55C247258A0147D1 /* Metropolis-SemiBold.ttf in Resources */,
				D4167661F76944FCB1792089 /* Metropolis-SemiBoldItalic.ttf in Resources */,
				CB331708535E45ED8830A429 /* Metropolis-Thin.ttf in Resources */,
				C3F0280C06134C75A9AD96A6 /* Metropolis-ThinItalic.ttf in Resources */,
				5D1E2CC067B74EC5B8FD8893 /* Rider_driver_arriving.mp3 in Resources */,
				D8A1798DB0934F23A65DF8BC /* UBERMOVE-BOLD.OTF in Resources */,
				EF42F808D91A4741B021C82E /* UBERMOVETEXT-BOLD.OTF in Resources */,
				D5E62C8729F44655B60EDC1B /* UBERMOVETEXT-LIGHT.OTF in Resources */,
				EABA42EB0D084621B7DCC791 /* ubermovetext-medium.ttf in Resources */,
				7CAD44A1C2AD452D86DB1BED /* UBERMOVETEXT-REGULAR.OTF in Resources */,
			);
			runOnlyForDeploymentPostprocessing = 0;
		};
/* End PBXResourcesBuildPhase section */

/* Begin PBXShellScriptBuildPhase section */
		00DD1BFF1BD5951E006B06BC /* Bundle React Native code and images */ = {
			isa = PBXShellScriptBuildPhase;
			buildActionMask = 2147483647;
			files = (
			);
			inputPaths = (
			);
			name = "Bundle React Native code and images";
			outputPaths = (
			);
			runOnlyForDeploymentPostprocessing = 0;
			shellPath = /bin/sh;
			shellScript = "export NODE_BINARY=/Users/mymacos/.nvm/versions/node/v18.12.1/bin/node\n../node_modules/react-native/scripts/react-native-xcode.sh\n../node_modules/expo-constants/scripts/get-app-config-ios.sh\n../node_modules/expo-updates/scripts/create-manifest-ios.sh\n";
		};
		0633C0628E7D2BC842137869 /* [CP] Embed Pods Frameworks */ = {
			isa = PBXShellScriptBuildPhase;
			buildActionMask = 2147483647;
			files = (
			);
			inputPaths = (
			);
			name = "[CP] Embed Pods Frameworks";
			outputPaths = (
			);
			runOnlyForDeploymentPostprocessing = 0;
			shellPath = /bin/sh;
			shellScript = "\"${PODS_ROOT}/Target Support Files/Pods-tyrvyRider/Pods-tyrvyRider-frameworks.sh\"\n";
			showEnvVarsInLog = 0;
		};
		0BCB642D6D020B787153B200 /* [CP] Copy Pods Resources */ = {
			isa = PBXShellScriptBuildPhase;
			buildActionMask = 2147483647;
			files = (
			);
			inputPaths = (
			);
			name = "[CP] Copy Pods Resources";
			outputPaths = (
			);
			runOnlyForDeploymentPostprocessing = 0;
			shellPath = /bin/sh;
			shellScript = "\"${PODS_ROOT}/Target Support Files/Pods-tyrvyRider/Pods-tyrvyRider-resources.sh\"\n";
			showEnvVarsInLog = 0;
		};
		AC2C4D3EC3AD7CE972D12B30 /* [CP-User] [RNFB] Core Configuration */ = {
			isa = PBXShellScriptBuildPhase;
			buildActionMask = 2147483647;
			files = (
			);
			inputPaths = (
				"$(BUILT_PRODUCTS_DIR)/$(INFOPLIST_PATH)",
			);
			name = "[CP-User] [RNFB] Core Configuration";
			runOnlyForDeploymentPostprocessing = 0;
			shellPath = /bin/sh;
			shellScript = "#!/usr/bin/env bash\n#\n# Copyright (c) 2016-present Invertase Limited & Contributors\n#\n# Licensed under the Apache License, Version 2.0 (the \"License\");\n# you may not use this library except in compliance with the License.\n# You may obtain a copy of the License at\n#\n#   http://www.apache.org/licenses/LICENSE-2.0\n#\n# Unless required by applicable law or agreed to in writing, software\n# distributed under the License is distributed on an \"AS IS\" BASIS,\n# WITHOUT WARRANTIES OR CONDITIONS OF ANY KIND, either express or implied.\n# See the License for the specific language governing permissions and\n# limitations under the License.\n#\nset -e\n\n_MAX_LOOKUPS=2;\n_SEARCH_RESULT=''\n_RN_ROOT_EXISTS=''\n_CURRENT_LOOKUPS=1\n_JSON_ROOT=\"'react-native'\"\n_JSON_FILE_NAME='firebase.json'\n_JSON_OUTPUT_BASE64='e30=' # { }\n_CURRENT_SEARCH_DIR=${PROJECT_DIR}\n_PLIST_BUDDY=/usr/libexec/PlistBuddy\n_TARGET_PLIST=\"${BUILT_PRODUCTS_DIR}/${INFOPLIST_PATH}\"\n_DSYM_PLIST=\"${DWARF_DSYM_FOLDER_PATH}/${DWARF_DSYM_FILE_NAME}/Contents/Info.plist\"\n\n# plist arrays\n_PLIST_ENTRY_KEYS=()\n_PLIST_ENTRY_TYPES=()\n_PLIST_ENTRY_VALUES=()\n\nfunction setPlistValue {\n  echo \"info:      setting plist entry '$1' of type '$2' in file '$4'\"\n  ${_PLIST_BUDDY} -c \"Add :$1 $2 '$3'\" $4 || echo \"info:      '$1' already exists\"\n}\n\nfunction getFirebaseJsonKeyValue () {\n  if [[ ${_RN_ROOT_EXISTS} ]]; then\n    ruby -Ku -e \"require 'rubygems';require 'json'; output=JSON.parse('$1'); puts output[$_JSON_ROOT]['$2']\"\n  else\n    echo \"\"\n  fi;\n}\n\nfunction jsonBoolToYesNo () {\n  if [[ $1 == \"false\" ]]; then\n    echo \"NO\"\n  elif [[ $1 == \"true\" ]]; then\n    echo \"YES\"\n  else echo \"NO\"\n  fi\n}\n\necho \"info: -> RNFB build script started\"\necho \"info: 1) Locating ${_JSON_FILE_NAME} file:\"\n\nif [[ -z ${_CURRENT_SEARCH_DIR} ]]; then\n  _CURRENT_SEARCH_DIR=$(pwd)\nfi;\n\nwhile true; do\n  _CURRENT_SEARCH_DIR=$(dirname \"$_CURRENT_SEARCH_DIR\")\n  if [[ \"$_CURRENT_SEARCH_DIR\" == \"/\" ]] || [[ ${_CURRENT_LOOKUPS} -gt ${_MAX_LOOKUPS} ]]; then break; fi;\n  echo \"info:      ($_CURRENT_LOOKUPS of $_MAX_LOOKUPS) Searching in '$_CURRENT_SEARCH_DIR' for a ${_JSON_FILE_NAME} file.\"\n  _SEARCH_RESULT=$(find \"$_CURRENT_SEARCH_DIR\" -maxdepth 2 -name ${_JSON_FILE_NAME} -print | /usr/bin/head -n 1)\n  if [[ ${_SEARCH_RESULT} ]]; then\n    echo \"info:      ${_JSON_FILE_NAME} found at $_SEARCH_RESULT\"\n    break;\n  fi;\n  _CURRENT_LOOKUPS=$((_CURRENT_LOOKUPS+1))\ndone\n\nif [[ ${_SEARCH_RESULT} ]]; then\n  _JSON_OUTPUT_RAW=$(cat \"${_SEARCH_RESULT}\")\n  _RN_ROOT_EXISTS=$(ruby -Ku -e \"require 'rubygems';require 'json'; output=JSON.parse('$_JSON_OUTPUT_RAW'); puts output[$_JSON_ROOT]\" || echo '')\n\n  if [[ ${_RN_ROOT_EXISTS} ]]; then\n    if ! python3 --version >/dev/null 2>&1; then echo \"python3 not found, firebase.json file processing error.\" && exit 1; fi\n    _JSON_OUTPUT_BASE64=$(python3 -c 'import json,sys,base64;print(base64.b64encode(bytes(json.dumps(json.loads(open('\"'${_SEARCH_RESULT}'\"', '\"'rb'\"').read())['${_JSON_ROOT}']), '\"'utf-8'\"')).decode())' || echo \"e30=\")\n  fi\n\n  _PLIST_ENTRY_KEYS+=(\"firebase_json_raw\")\n  _PLIST_ENTRY_TYPES+=(\"string\")\n  _PLIST_ENTRY_VALUES+=(\"$_JSON_OUTPUT_BASE64\")\n\n  # config.app_data_collection_default_enabled\n  _APP_DATA_COLLECTION_ENABLED=$(getFirebaseJsonKeyValue \"$_JSON_OUTPUT_RAW\" \"app_data_collection_default_enabled\")\n  if [[ $_APP_DATA_COLLECTION_ENABLED ]]; then\n    _PLIST_ENTRY_KEYS+=(\"FirebaseDataCollectionDefaultEnabled\")\n    _PLIST_ENTRY_TYPES+=(\"bool\")\n    _PLIST_ENTRY_VALUES+=(\"$(jsonBoolToYesNo \"$_APP_DATA_COLLECTION_ENABLED\")\")\n  fi\n\n  # config.analytics_auto_collection_enabled\n  _ANALYTICS_AUTO_COLLECTION=$(getFirebaseJsonKeyValue \"$_JSON_OUTPUT_RAW\" \"analytics_auto_collection_enabled\")\n  if [[ $_ANALYTICS_AUTO_COLLECTION ]]; then\n    _PLIST_ENTRY_KEYS+=(\"FIREBASE_ANALYTICS_COLLECTION_ENABLED\")\n    _PLIST_ENTRY_TYPES+=(\"bool\")\n    _PLIST_ENTRY_VALUES+=(\"$(jsonBoolToYesNo \"$_ANALYTICS_AUTO_COLLECTION\")\")\n  fi\n\n  # config.analytics_collection_deactivated\n  _ANALYTICS_DEACTIVATED=$(getFirebaseJsonKeyValue \"$_JSON_OUTPUT_RAW\" \"analytics_collection_deactivated\")\n  if [[ $_ANALYTICS_DEACTIVATED ]]; then\n    _PLIST_ENTRY_KEYS+=(\"FIREBASE_ANALYTICS_COLLECTION_DEACTIVATED\")\n    _PLIST_ENTRY_TYPES+=(\"bool\")\n    _PLIST_ENTRY_VALUES+=(\"$(jsonBoolToYesNo \"$_ANALYTICS_DEACTIVATED\")\")\n  fi\n\n  # config.analytics_idfv_collection_enabled\n  _ANALYTICS_IDFV_COLLECTION=$(getFirebaseJsonKeyValue \"$_JSON_OUTPUT_RAW\" \"analytics_idfv_collection_enabled\")\n  if [[ $_ANALYTICS_IDFV_COLLECTION ]]; then\n    _PLIST_ENTRY_KEYS+=(\"GOOGLE_ANALYTICS_IDFV_COLLECTION_ENABLED\")\n    _PLIST_ENTRY_TYPES+=(\"bool\")\n    _PLIST_ENTRY_VALUES+=(\"$(jsonBoolToYesNo \"$_ANALYTICS_IDFV_COLLECTION\")\")\n  fi\n\n  # config.analytics_default_allow_ad_personalization_signals\n  _ANALYTICS_PERSONALIZATION=$(getFirebaseJsonKeyValue \"$_JSON_OUTPUT_RAW\" \"analytics_default_allow_ad_personalization_signals\")\n  if [[ $_ANALYTICS_PERSONALIZATION ]]; then\n    _PLIST_ENTRY_KEYS+=(\"GOOGLE_ANALYTICS_DEFAULT_ALLOW_AD_PERSONALIZATION_SIGNALS\")\n    _PLIST_ENTRY_TYPES+=(\"bool\")\n    _PLIST_ENTRY_VALUES+=(\"$(jsonBoolToYesNo \"$_ANALYTICS_PERSONALIZATION\")\")\n  fi\n\n  # config.analytics_registration_with_ad_network_enabled\n  _ANALYTICS_REGISTRATION_WITH_AD_NETWORK=$(getFirebaseJsonKeyValue \"$_JSON_OUTPUT_RAW\" \"google_analytics_registration_with_ad_network_enabled\")\n  if [[ $_ANALYTICS_REGISTRATION_WITH_AD_NETWORK ]]; then\n    _PLIST_ENTRY_KEYS+=(\"GOOGLE_ANALYTICS_REGISTRATION_WITH_AD_NETWORK_ENABLED\")\n    _PLIST_ENTRY_TYPES+=(\"bool\")\n    _PLIST_ENTRY_VALUES+=(\"$(jsonBoolToYesNo \"$_ANALYTICS_REGISTRATION_WITH_AD_NETWORK\")\")\n  fi\n\n  # config.google_analytics_automatic_screen_reporting_enabled\n  _ANALYTICS_AUTO_SCREEN_REPORTING=$(getFirebaseJsonKeyValue \"$_JSON_OUTPUT_RAW\" \"google_analytics_automatic_screen_reporting_enabled\")\n  if [[ $_ANALYTICS_AUTO_SCREEN_REPORTING ]]; then\n    _PLIST_ENTRY_KEYS+=(\"FirebaseAutomaticScreenReportingEnabled\")\n    _PLIST_ENTRY_TYPES+=(\"bool\")\n    _PLIST_ENTRY_VALUES+=(\"$(jsonBoolToYesNo \"$_ANALYTICS_AUTO_SCREEN_REPORTING\")\")\n  fi\n\n  # config.perf_auto_collection_enabled\n  _PERF_AUTO_COLLECTION=$(getFirebaseJsonKeyValue \"$_JSON_OUTPUT_RAW\" \"perf_auto_collection_enabled\")\n  if [[ $_PERF_AUTO_COLLECTION ]]; then\n    _PLIST_ENTRY_KEYS+=(\"firebase_performance_collection_enabled\")\n    _PLIST_ENTRY_TYPES+=(\"bool\")\n    _PLIST_ENTRY_VALUES+=(\"$(jsonBoolToYesNo \"$_PERF_AUTO_COLLECTION\")\")\n  fi\n\n  # config.perf_collection_deactivated\n  _PERF_DEACTIVATED=$(getFirebaseJsonKeyValue \"$_JSON_OUTPUT_RAW\" \"perf_collection_deactivated\")\n  if [[ $_PERF_DEACTIVATED ]]; then\n    _PLIST_ENTRY_KEYS+=(\"firebase_performance_collection_deactivated\")\n    _PLIST_ENTRY_TYPES+=(\"bool\")\n    _PLIST_ENTRY_VALUES+=(\"$(jsonBoolToYesNo \"$_PERF_DEACTIVATED\")\")\n  fi\n\n  # config.messaging_auto_init_enabled\n  _MESSAGING_AUTO_INIT=$(getFirebaseJsonKeyValue \"$_JSON_OUTPUT_RAW\" \"messaging_auto_init_enabled\")\n  if [[ $_MESSAGING_AUTO_INIT ]]; then\n    _PLIST_ENTRY_KEYS+=(\"FirebaseMessagingAutoInitEnabled\")\n    _PLIST_ENTRY_TYPES+=(\"bool\")\n    _PLIST_ENTRY_VALUES+=(\"$(jsonBoolToYesNo \"$_MESSAGING_AUTO_INIT\")\")\n  fi\n\n  # config.in_app_messaging_auto_colllection_enabled\n  _FIAM_AUTO_INIT=$(getFirebaseJsonKeyValue \"$_JSON_OUTPUT_RAW\" \"in_app_messaging_auto_collection_enabled\")\n  if [[ $_FIAM_AUTO_INIT ]]; then\n    _PLIST_ENTRY_KEYS+=(\"FirebaseInAppMessagingAutomaticDataCollectionEnabled\")\n    _PLIST_ENTRY_TYPES+=(\"bool\")\n    _PLIST_ENTRY_VALUES+=(\"$(jsonBoolToYesNo \"$_FIAM_AUTO_INIT\")\")\n  fi\n\n  # config.app_check_token_auto_refresh\n  _APP_CHECK_TOKEN_AUTO_REFRESH=$(getFirebaseJsonKeyValue \"$_JSON_OUTPUT_RAW\" \"app_check_token_auto_refresh\")\n  if [[ $_APP_CHECK_TOKEN_AUTO_REFRESH ]]; then\n    _PLIST_ENTRY_KEYS+=(\"FirebaseAppCheckTokenAutoRefreshEnabled\")\n    _PLIST_ENTRY_TYPES+=(\"bool\")\n    _PLIST_ENTRY_VALUES+=(\"$(jsonBoolToYesNo \"$_APP_CHECK_TOKEN_AUTO_REFRESH\")\")\n  fi\n\n  # config.crashlytics_disable_auto_disabler - undocumented for now - mainly for debugging, document if becomes useful\n  _CRASHLYTICS_AUTO_DISABLE_ENABLED=$(getFirebaseJsonKeyValue \"$_JSON_OUTPUT_RAW\" \"crashlytics_disable_auto_disabler\")\n  if [[ $_CRASHLYTICS_AUTO_DISABLE_ENABLED == \"true\" ]]; then\n    echo \"Disabled Crashlytics auto disabler.\" # do nothing\n  else\n    _PLIST_ENTRY_KEYS+=(\"FirebaseCrashlyticsCollectionEnabled\")\n    _PLIST_ENTRY_TYPES+=(\"bool\")\n    _PLIST_ENTRY_VALUES+=(\"NO\")\n  fi\nelse\n  _PLIST_ENTRY_KEYS+=(\"firebase_json_raw\")\n  _PLIST_ENTRY_TYPES+=(\"string\")\n  _PLIST_ENTRY_VALUES+=(\"$_JSON_OUTPUT_BASE64\")\n  echo \"warning:   A firebase.json file was not found, whilst this file is optional it is recommended to include it to configure firebase services in React Native Firebase.\"\nfi;\n\necho \"info: 2) Injecting Info.plist entries: \"\n\n# Log out the keys we're adding\nfor i in \"${!_PLIST_ENTRY_KEYS[@]}\"; do\n  echo \"    ->  $i) ${_PLIST_ENTRY_KEYS[$i]}\" \"${_PLIST_ENTRY_TYPES[$i]}\" \"${_PLIST_ENTRY_VALUES[$i]}\"\ndone\n\nfor plist in \"${_TARGET_PLIST}\" \"${_DSYM_PLIST}\" ; do\n  if [[ -f \"${plist}\" ]]; then\n\n    # paths with spaces break the call to setPlistValue. temporarily modify\n    # the shell internal field separator variable (IFS), which normally\n    # includes spaces, to consist only of line breaks\n    oldifs=$IFS\n    IFS=\"\n\"\n\n    for i in \"${!_PLIST_ENTRY_KEYS[@]}\"; do\n      setPlistValue \"${_PLIST_ENTRY_KEYS[$i]}\" \"${_PLIST_ENTRY_TYPES[$i]}\" \"${_PLIST_ENTRY_VALUES[$i]}\" \"${plist}\"\n    done\n\n    # restore the original internal field separator value\n    IFS=$oldifs\n  else\n    echo \"warning:   A Info.plist build output file was not found (${plist})\"\n  fi\ndone\n\necho \"info: <- RNFB build script finished\"\n";
		};
		F2FB925DCA868C62560D1083 /* [CP] Check Pods Manifest.lock */ = {
			isa = PBXShellScriptBuildPhase;
			buildActionMask = 2147483647;
			files = (
			);
			inputFileListPaths = (
			);
			inputPaths = (
				"${PODS_PODFILE_DIR_PATH}/Podfile.lock",
				"${PODS_ROOT}/Manifest.lock",
			);
			name = "[CP] Check Pods Manifest.lock";
			outputFileListPaths = (
			);
			outputPaths = (
				"$(DERIVED_FILE_DIR)/Pods-tyrvyRider-checkManifestLockResult.txt",
			);
			runOnlyForDeploymentPostprocessing = 0;
			shellPath = /bin/sh;
			shellScript = "diff \"${PODS_PODFILE_DIR_PATH}/Podfile.lock\" \"${PODS_ROOT}/Manifest.lock\" > /dev/null\nif [ $? != 0 ] ; then\n    # print error to STDERR\n    echo \"error: The sandbox is not in sync with the Podfile.lock. Run 'pod install' or update your CocoaPods installation.\" >&2\n    exit 1\nfi\n# This output is used by Xcode 'outputs' to avoid re-running this script phase.\necho \"SUCCESS\" > \"${SCRIPT_OUTPUT_FILE_0}\"\n";
			showEnvVarsInLog = 0;
		};
		FD10A7F022414F080027D42C /* Start Packager */ = {
			isa = PBXShellScriptBuildPhase;
			buildActionMask = 2147483647;
			files = (
			);
			inputFileListPaths = (
			);
			inputPaths = (
			);
			name = "Start Packager";
			outputFileListPaths = (
			);
			outputPaths = (
			);
			runOnlyForDeploymentPostprocessing = 0;
			shellPath = /bin/sh;
			shellScript = "export RCT_METRO_PORT=\"${RCT_METRO_PORT:=8081}\"\necho \"export RCT_METRO_PORT=${RCT_METRO_PORT}\" > \"${SRCROOT}/../node_modules/react-native/scripts/.packager.env\"\nif [ -z \"${RCT_NO_LAUNCH_PACKAGER+xxx}\" ] ; then\n  if nc -w 5 -z localhost ${RCT_METRO_PORT} ; then\n    if ! curl -s \"http://localhost:${RCT_METRO_PORT}/status\" | grep -q \"packager-status:running\" ; then\n      echo \"Port ${RCT_METRO_PORT} already in use, packager is either not running or not running correctly\"\n      exit 2\n    fi\n  else\n    open \"$SRCROOT/../node_modules/react-native/scripts/launchPackager.command\" || echo \"Can't start packager automatically\"\n  fi\nfi\n";
			showEnvVarsInLog = 0;
		};
/* End PBXShellScriptBuildPhase section */

/* Begin PBXSourcesBuildPhase section */
		13B07F871A680F5B00A75B9A /* Sources */ = {
			isa = PBXSourcesBuildPhase;
			buildActionMask = 2147483647;
			files = (
				13B07FBC1A68108700A75B9A /* AppDelegate.m in Sources */,
				13B07FC11A68108700A75B9A /* main.m in Sources */,
				A13F4247AEEA496788B52EE2 /* noop-file.swift in Sources */,
				59ACBB20E0C4AFF0623C3AA1 /* ExpoModulesProvider.swift in Sources */,
			);
			runOnlyForDeploymentPostprocessing = 0;
		};
/* End PBXSourcesBuildPhase section */

/* Begin PBXVariantGroup section */
		13B07FB11A68108700A75B9A /* LaunchScreen.xib */ = {
			isa = PBXVariantGroup;
			children = (
				13B07FB21A68108700A75B9A /* Base */,
			);
			name = LaunchScreen.xib;
			path = tyrvyRider;
			sourceTree = "<group>";
		};
/* End PBXVariantGroup section */

/* Begin XCBuildConfiguration section */
		13B07F941A680F5B00A75B9A /* Debug */ = {
			isa = XCBuildConfiguration;
			baseConfigurationReference = 44D9D88A91D83457BD81DC84 /* Pods-tyrvyRider.debug.xcconfig */;
			buildSettings = {
				ASSETCATALOG_COMPILER_APPICON_NAME = AppIcon;
				ASSETCATALOG_COMPILER_INCLUDE_ALL_APPICON_ASSETS = YES;
				CLANG_CXX_LANGUAGE_STANDARD = "c++14";
				CLANG_ENABLE_MODULES = YES;
				CODE_SIGN_ENTITLEMENTS = tyrvyRider/rider.entitlements;
				CODE_SIGN_IDENTITY = "Apple Development";
				CODE_SIGN_STYLE = Automatic;
				CURRENT_PROJECT_VERSION = 169;
				DEVELOPMENT_TEAM = 7GZX6TLP38;
				DYLIB_INSTALL_NAME_BASE = "";
				EMBED_ASSET_PACKS_IN_PRODUCT_BUNDLE = NO;
				ENABLE_BITCODE = NO;
				"EXCLUDED_ARCHS[sdk=iphonesimulator*]" = arm64;
				EXECUTABLE_PREFIX = "";
				GCC_PREPROCESSOR_DEFINITIONS = (
					"$(inherited)",
					"FB_SONARKIT_ENABLED=1",
				);
				INFOPLIST_FILE = tyrvyRider/Info.plist;
				INFOPLIST_KEY_CFBundleDisplayName = "Turvy Rider";
				INFOPLIST_KEY_LSApplicationCategoryType = "public.app-category.travel";
				IPHONEOS_DEPLOYMENT_TARGET = 16.0;
				LD_RUNPATH_SEARCH_PATHS = "$(inherited) @executable_path/Frameworks";
				MARKETING_VERSION = 1.6.9;
				OTHER_LDFLAGS = (
					"$(inherited)",
					"-ObjC",
					"-lc++",
				);
				OTHER_SWIFT_FLAGS = "$(inherited) -D EXPO_CONFIGURATION_DEBUG";
				PRESERVE_DEAD_CODE_INITS_AND_TERMS = YES;
				PRODUCT_BUNDLE_IDENTIFIER = com.turvy.rider;
				PRODUCT_NAME = rider;
				PROVISIONING_PROFILE_SPECIFIER = "";
				SUPPORTED_PLATFORMS = "iphoneos iphonesimulator";
				SUPPORTS_MACCATALYST = NO;
				SUPPORTS_MAC_DESIGNED_FOR_IPHONE_IPAD = NO;
				SWIFT_OBJC_BRIDGING_HEADER = "tyrvyRider/tyrvyRider-Bridging-Header.h";
				SWIFT_OPTIMIZATION_LEVEL = "-Onone";
				SWIFT_VERSION = 5.0;
				TARGETED_DEVICE_FAMILY = "1,2";
				VERSIONING_SYSTEM = "apple-generic";
			};
			name = Debug;
		};
		13B07F951A680F5B00A75B9A /* Release */ = {
			isa = XCBuildConfiguration;
			baseConfigurationReference = 4C67CBB20DA8B8E17E2138B9 /* Pods-tyrvyRider.release.xcconfig */;
			buildSettings = {
				ASSETCATALOG_COMPILER_APPICON_NAME = AppIcon;
				ASSETCATALOG_COMPILER_INCLUDE_ALL_APPICON_ASSETS = YES;
				CLANG_CXX_LANGUAGE_STANDARD = "c++14";
				CLANG_ENABLE_MODULES = YES;
				CODE_SIGN_ENTITLEMENTS = tyrvyRider/rider.entitlements;
				CODE_SIGN_IDENTITY = "Apple Development";
				CODE_SIGN_STYLE = Automatic;
				CURRENT_PROJECT_VERSION = 169;
				DEVELOPMENT_TEAM = 7GZX6TLP38;
				DYLIB_INSTALL_NAME_BASE = "";
				EMBED_ASSET_PACKS_IN_PRODUCT_BUNDLE = NO;
				"EXCLUDED_ARCHS[sdk=iphonesimulator*]" = arm64;
				EXECUTABLE_PREFIX = "";
				INFOPLIST_FILE = tyrvyRider/Info.plist;
				INFOPLIST_KEY_CFBundleDisplayName = "Turvy Rider";
				INFOPLIST_KEY_LSApplicationCategoryType = "public.app-category.travel";
				IPHONEOS_DEPLOYMENT_TARGET = 16.0;
				LD_RUNPATH_SEARCH_PATHS = "$(inherited) @executable_path/Frameworks";
				MARKETING_VERSION = 1.6.9;
				OTHER_LDFLAGS = (
					"$(inherited)",
					"-ObjC",
					"-lc++",
				);
				OTHER_SWIFT_FLAGS = "$(inherited) -D EXPO_CONFIGURATION_RELEASE";
				PRESERVE_DEAD_CODE_INITS_AND_TERMS = YES;
				PRODUCT_BUNDLE_IDENTIFIER = com.turvy.rider;
				PRODUCT_NAME = rider;
				PROVISIONING_PROFILE_SPECIFIER = "";
				SUPPORTED_PLATFORMS = "iphoneos iphonesimulator";
				SUPPORTS_MACCATALYST = NO;
				SUPPORTS_MAC_DESIGNED_FOR_IPHONE_IPAD = NO;
				SWIFT_OBJC_BRIDGING_HEADER = "tyrvyRider/tyrvyRider-Bridging-Header.h";
				SWIFT_VERSION = 5.0;
				TARGETED_DEVICE_FAMILY = "1,2";
				VERSIONING_SYSTEM = "apple-generic";
			};
			name = Release;
		};
		83CBBA201A601CBA00E9B192 /* Debug */ = {
			isa = XCBuildConfiguration;
			buildSettings = {
				ALWAYS_SEARCH_USER_PATHS = NO;
				CLANG_ANALYZER_LOCALIZABILITY_NONLOCALIZED = YES;
				CLANG_CXX_LANGUAGE_STANDARD = "gnu++0x";
				CLANG_CXX_LIBRARY = "libc++";
				CLANG_ENABLE_MODULES = YES;
				CLANG_ENABLE_OBJC_ARC = YES;
				CLANG_WARN_BLOCK_CAPTURE_AUTORELEASING = YES;
				CLANG_WARN_BOOL_CONVERSION = YES;
				CLANG_WARN_COMMA = YES;
				CLANG_WARN_CONSTANT_CONVERSION = YES;
				CLANG_WARN_DEPRECATED_OBJC_IMPLEMENTATIONS = YES;
				CLANG_WARN_DIRECT_OBJC_ISA_USAGE = YES_ERROR;
				CLANG_WARN_EMPTY_BODY = YES;
				CLANG_WARN_ENUM_CONVERSION = YES;
				CLANG_WARN_INFINITE_RECURSION = YES;
				CLANG_WARN_INT_CONVERSION = YES;
				CLANG_WARN_NON_LITERAL_NULL_CONVERSION = YES;
				CLANG_WARN_OBJC_IMPLICIT_RETAIN_SELF = YES;
				CLANG_WARN_OBJC_LITERAL_CONVERSION = YES;
				CLANG_WARN_OBJC_ROOT_CLASS = YES_ERROR;
				CLANG_WARN_RANGE_LOOP_ANALYSIS = YES;
				CLANG_WARN_STRICT_PROTOTYPES = YES;
				CLANG_WARN_SUSPICIOUS_MOVE = YES;
				CLANG_WARN_UNREACHABLE_CODE = YES;
				CLANG_WARN__DUPLICATE_METHOD_MATCH = YES;
				CODE_SIGN_ENTITLEMENTS = tyrvyRider/rider.entitlements;
				"CODE_SIGN_IDENTITY[sdk=iphoneos*]" = "iPhone Developer";
				COPY_PHASE_STRIP = NO;
				ENABLE_STRICT_OBJC_MSGSEND = YES;
				ENABLE_TESTABILITY = YES;
				GCC_C_LANGUAGE_STANDARD = gnu99;
				GCC_DYNAMIC_NO_PIC = NO;
				GCC_NO_COMMON_BLOCKS = YES;
				GCC_OPTIMIZATION_LEVEL = 0;
				GCC_PREPROCESSOR_DEFINITIONS = (
					"DEBUG=1",
					"$(inherited)",
				);
				GCC_SYMBOLS_PRIVATE_EXTERN = NO;
				GCC_WARN_64_TO_32_BIT_CONVERSION = YES;
				GCC_WARN_ABOUT_RETURN_TYPE = YES_ERROR;
				GCC_WARN_UNDECLARED_SELECTOR = YES;
				GCC_WARN_UNINITIALIZED_AUTOS = YES_AGGRESSIVE;
				GCC_WARN_UNUSED_FUNCTION = YES;
				GCC_WARN_UNUSED_VARIABLE = YES;
				IPHONEOS_DEPLOYMENT_TARGET = 11.0;
				LD_RUNPATH_SEARCH_PATHS = "/usr/lib/swift $(inherited)";
				LIBRARY_SEARCH_PATHS = "\"$(inherited)\"";
				MTL_ENABLE_DEBUG_INFO = YES;
				ONLY_ACTIVE_ARCH = YES;
				SDKROOT = iphoneos;
			};
			name = Debug;
		};
		83CBBA211A601CBA00E9B192 /* Release */ = {
			isa = XCBuildConfiguration;
			buildSettings = {
				ALWAYS_SEARCH_USER_PATHS = NO;
				CLANG_ANALYZER_LOCALIZABILITY_NONLOCALIZED = YES;
				CLANG_CXX_LANGUAGE_STANDARD = "gnu++0x";
				CLANG_CXX_LIBRARY = "libc++";
				CLANG_ENABLE_MODULES = YES;
				CLANG_ENABLE_OBJC_ARC = YES;
				CLANG_WARN_BLOCK_CAPTURE_AUTORELEASING = YES;
				CLANG_WARN_BOOL_CONVERSION = YES;
				CLANG_WARN_COMMA = YES;
				CLANG_WARN_CONSTANT_CONVERSION = YES;
				CLANG_WARN_DEPRECATED_OBJC_IMPLEMENTATIONS = YES;
				CLANG_WARN_DIRECT_OBJC_ISA_USAGE = YES_ERROR;
				CLANG_WARN_EMPTY_BODY = YES;
				CLANG_WARN_ENUM_CONVERSION = YES;
				CLANG_WARN_INFINITE_RECURSION = YES;
				CLANG_WARN_INT_CONVERSION = YES;
				CLANG_WARN_NON_LITERAL_NULL_CONVERSION = YES;
				CLANG_WARN_OBJC_IMPLICIT_RETAIN_SELF = YES;
				CLANG_WARN_OBJC_LITERAL_CONVERSION = YES;
				CLANG_WARN_OBJC_ROOT_CLASS = YES_ERROR;
				CLANG_WARN_RANGE_LOOP_ANALYSIS = YES;
				CLANG_WARN_STRICT_PROTOTYPES = YES;
				CLANG_WARN_SUSPICIOUS_MOVE = YES;
				CLANG_WARN_UNREACHABLE_CODE = YES;
				CLANG_WARN__DUPLICATE_METHOD_MATCH = YES;
				CODE_SIGN_ENTITLEMENTS = tyrvyRider/rider.entitlements;
				"CODE_SIGN_IDENTITY[sdk=iphoneos*]" = "iPhone Developer";
				COPY_PHASE_STRIP = YES;
				ENABLE_NS_ASSERTIONS = NO;
				ENABLE_STRICT_OBJC_MSGSEND = YES;
				GCC_C_LANGUAGE_STANDARD = gnu99;
				GCC_NO_COMMON_BLOCKS = YES;
				GCC_WARN_64_TO_32_BIT_CONVERSION = YES;
				GCC_WARN_ABOUT_RETURN_TYPE = YES_ERROR;
				GCC_WARN_UNDECLARED_SELECTOR = YES;
				GCC_WARN_UNINITIALIZED_AUTOS = YES_AGGRESSIVE;
				GCC_WARN_UNUSED_FUNCTION = YES;
				GCC_WARN_UNUSED_VARIABLE = YES;
				IPHONEOS_DEPLOYMENT_TARGET = 11.0;
				LD_RUNPATH_SEARCH_PATHS = "/usr/lib/swift $(inherited)";
				LIBRARY_SEARCH_PATHS = "\"$(inherited)\"";
				MTL_ENABLE_DEBUG_INFO = NO;
				SDKROOT = iphoneos;
				VALIDATE_PRODUCT = YES;
			};
			name = Release;
		};
/* End XCBuildConfiguration section */

/* Begin XCConfigurationList section */
		13B07F931A680F5B00A75B9A /* Build configuration list for PBXNativeTarget "tyrvyRider" */ = {
			isa = XCConfigurationList;
			buildConfigurations = (
				13B07F941A680F5B00A75B9A /* Debug */,
				13B07F951A680F5B00A75B9A /* Release */,
			);
			defaultConfigurationIsVisible = 0;
			defaultConfigurationName = Release;
		};
		83CBB9FA1A601CBA00E9B192 /* Build configuration list for PBXProject "tyrvyRider" */ = {
			isa = XCConfigurationList;
			buildConfigurations = (
				83CBBA201A601CBA00E9B192 /* Debug */,
				83CBBA211A601CBA00E9B192 /* Release */,
			);
			defaultConfigurationIsVisible = 0;
			defaultConfigurationName = Release;
		};
/* End XCConfigurationList section */
	};
	rootObject = 83CBB9F71A601CBA00E9B192 /* Project object */;
}
